
Microsoft Visual Studio Solution File, Format Version 12.00
# Visual Studio Version 16
VisualStudioVersion = 16.0.30330.147
MinimumVisualStudioVersion = 10.0.40219.1
Project("{FAE04EC0-301F-11D3-BF4B-00C04F79EFBC}") = "IBM_11Fex2022D10_LINQ", "IBM_11Fex2022D10_LINQ\IBM_11Fex2022D10_LINQ.csproj", "{59CDC8D9-4074-44DA-B556-90E7A185B60E}"
EndProject
Global
	GlobalSection(SolutionConfigurationPlatforms) = preSolution
		Debug|Any CPU = Debug|Any CPU
		Release|Any CPU = Release|Any CPU
	EndGlobalSection
	GlobalSection(ProjectConfigurationPlatforms) = postSolution
		{59CDC8D9-4074-44DA-B556-90E7A185B60E}.Debug|Any CPU.ActiveCfg = Debug|Any CPU
		{59CDC8D9-4074-44DA-B556-90E7A185B60E}.Debug|Any CPU.Build.0 = Debug|Any CPU
		{59CDC8D9-4074-44DA-B556-90E7A185B60E}.Release|Any CPU.ActiveCfg = Release|Any CPU
		{59CDC8D9-4074-44DA-B556-90E7A185B60E}.Release|Any CPU.Build.0 = Release|Any CPU
	EndGlobalSection
	GlobalSection(SolutionProperties) = preSolution
		HideSolutionNode = FALSE
	EndGlobalSection
	GlobalSection(ExtensibilityGlobals) = postSolution
		SolutionGuid = {CF2DC0F1-2166-4BF0-A58F-FBC8F12D30FD}
	EndGlobalSection
EndGlobal
